
Microsoft Visual Studio Solution File, Format Version 12.00
# Visual Studio Version 17
VisualStudioVersion = 17.4.33205.214
MinimumVisualStudioVersion = 10.0.40219.1
Project("{FAE04EC0-301F-11D3-BF4B-00C04F79EFBC}") = "notkayitsistemi", "notkayitsistemi\notkayitsistemi.csproj", "{658445DF-5257-4FEF-B016-040F50637D4D}"
EndProject
Global
	GlobalSection(SolutionConfigurationPlatforms) = preSolution
		Debug|Any CPU = Debug|Any CPU
		Release|Any CPU = Release|Any CPU
	EndGlobalSection
	GlobalSection(ProjectConfigurationPlatforms) = postSolution
		{658445DF-5257-4FEF-B016-040F50637D4D}.Debug|Any CPU.ActiveCfg = Debug|Any CPU
		{658445DF-5257-4FEF-B016-040F50637D4D}.Debug|Any CPU.Build.0 = Debug|Any CPU
		{658445DF-5257-4FEF-B016-040F50637D4D}.Release|Any CPU.ActiveCfg = Release|Any CPU
		{658445DF-5257-4FEF-B016-040F50637D4D}.Release|Any CPU.Build.0 = Release|Any CPU
	EndGlobalSection
	GlobalSection(SolutionProperties) = preSolution
		HideSolutionNode = FALSE
	EndGlobalSection
	GlobalSection(ExtensibilityGlobals) = postSolution
		SolutionGuid = {D068AEB8-DA1C-41DA-AC27-D40C940E392D}
	EndGlobalSection
EndGlobal
